
Microsoft Visual Studio Solution File, Format Version 12.00
# Visual Studio 14
VisualStudioVersion = 14.0.25420.1
MinimumVisualStudioVersion = 10.0.40219.1
Project("{8BC9CEB8-8B4A-11D0-8D11-00A0C91BC942}") = "lab1", "lab1\lab1.vcxproj", "{6D81382B-5C2F-46D2-A835-5C36D80D2199}"
EndProject
Project("{8BC9CEB8-8B4A-11D0-8D11-00A0C91BC942}") = "lab2_server", "lab2_server\lab2_server.vcxproj", "{200D2E8A-E2E7-44DA-B12D-C4F918906B61}"
EndProject
Project("{8BC9CEB8-8B4A-11D0-8D11-00A0C91BC942}") = "lab2_client", "lab2_client\lab2_client.vcxproj", "{6608E547-AD49-41C2-9370-6411385B165D}"
EndProject
Project("{8BC9CEB8-8B4A-11D0-8D11-00A0C91BC942}") = "lab3_server", "lab3_server\lab3_server.vcxproj", "{D1014585-9D10-4525-AC2E-D696CA9CD9F3}"
EndProject
Project("{8BC9CEB8-8B4A-11D0-8D11-00A0C91BC942}") = "lab3_client", "lab3_client\lab3_client.vcxproj", "{4EC0D2CD-A86F-47FA-8D7F-6E95FECC3879}"
EndProject
Global
	GlobalSection(SolutionConfigurationPlatforms) = preSolution
		Debug|x64 = Debug|x64
		Debug|x86 = Debug|x86
		Release|x64 = Release|x64
		Release|x86 = Release|x86
	EndGlobalSection
	GlobalSection(ProjectConfigurationPlatforms) = postSolution
		{6D81382B-5C2F-46D2-A835-5C36D80D2199}.Debug|x64.ActiveCfg = Debug|x64
		{6D81382B-5C2F-46D2-A835-5C36D80D2199}.Debug|x64.Build.0 = Debug|x64
		{6D81382B-5C2F-46D2-A835-5C36D80D2199}.Debug|x86.ActiveCfg = Debug|Win32
		{6D81382B-5C2F-46D2-A835-5C36D80D2199}.Debug|x86.Build.0 = Debug|Win32
		{6D81382B-5C2F-46D2-A835-5C36D80D2199}.Release|x64.ActiveCfg = Release|x64
		{6D81382B-5C2F-46D2-A835-5C36D80D2199}.Release|x64.Build.0 = Release|x64
		{6D81382B-5C2F-46D2-A835-5C36D80D2199}.Release|x86.ActiveCfg = Release|Win32
		{6D81382B-5C2F-46D2-A835-5C36D80D2199}.Release|x86.Build.0 = Release|Win32
		{200D2E8A-E2E7-44DA-B12D-C4F918906B61}.Debug|x64.ActiveCfg = Debug|x64
		{200D2E8A-E2E7-44DA-B12D-C4F918906B61}.Debug|x64.Build.0 = Debug|x64
		{200D2E8A-E2E7-44DA-B12D-C4F918906B61}.Debug|x86.ActiveCfg = Debug|Win32
		{200D2E8A-E2E7-44DA-B12D-C4F918906B61}.Debug|x86.Build.0 = Debug|Win32
		{200D2E8A-E2E7-44DA-B12D-C4F918906B61}.Release|x64.ActiveCfg = Release|x64
		{200D2E8A-E2E7-44DA-B12D-C4F918906B61}.Release|x64.Build.0 = Release|x64
		{200D2E8A-E2E7-44DA-B12D-C4F918906B61}.Release|x86.ActiveCfg = Release|Win32
		{200D2E8A-E2E7-44DA-B12D-C4F918906B61}.Release|x86.Build.0 = Release|Win32
		{6608E547-AD49-41C2-9370-6411385B165D}.Debug|x64.ActiveCfg = Debug|x64
		{6608E547-AD49-41C2-9370-6411385B165D}.Debug|x64.Build.0 = Debug|x64
		{6608E547-AD49-41C2-9370-6411385B165D}.Debug|x86.ActiveCfg = Debug|Win32
		{6608E547-AD49-41C2-9370-6411385B165D}.Debug|x86.Build.0 = Debug|Win32
		{6608E547-AD49-41C2-9370-6411385B165D}.Release|x64.ActiveCfg = Release|x64
		{6608E547-AD49-41C2-9370-6411385B165D}.Release|x64.Build.0 = Release|x64
		{6608E547-AD49-41C2-9370-6411385B165D}.Release|x86.ActiveCfg = Release|Win32
		{6608E547-AD49-41C2-9370-6411385B165D}.Release|x86.Build.0 = Release|Win32
		{D1014585-9D10-4525-AC2E-D696CA9CD9F3}.Debug|x64.ActiveCfg = Debug|x64
		{D1014585-9D10-4525-AC2E-D696CA9CD9F3}.Debug|x64.Build.0 = Debug|x64
		{D1014585-9D10-4525-AC2E-D696CA9CD9F3}.Debug|x86.ActiveCfg = Debug|Win32
		{D1014585-9D10-4525-AC2E-D696CA9CD9F3}.Debug|x86.Build.0 = Debug|Win32
		{D1014585-9D10-4525-AC2E-D696CA9CD9F3}.Release|x64.ActiveCfg = Release|x64
		{D1014585-9D10-4525-AC2E-D696CA9CD9F3}.Release|x64.Build.0 = Release|x64
		{D1014585-9D10-4525-AC2E-D696CA9CD9F3}.Release|x86.ActiveCfg = Release|Win32
		{D1014585-9D10-4525-AC2E-D696CA9CD9F3}.Release|x86.Build.0 = Release|Win32
		{4EC0D2CD-A86F-47FA-8D7F-6E95FECC3879}.Debug|x64.ActiveCfg = Debug|x64
		{4EC0D2CD-A86F-47FA-8D7F-6E95FECC3879}.Debug|x64.Build.0 = Debug|x64
		{4EC0D2CD-A86F-47FA-8D7F-6E95FECC3879}.Debug|x86.ActiveCfg = Debug|Win32
		{4EC0D2CD-A86F-47FA-8D7F-6E95FECC3879}.Debug|x86.Build.0 = Debug|Win32
		{4EC0D2CD-A86F-47FA-8D7F-6E95FECC3879}.Release|x64.ActiveCfg = Release|x64
		{4EC0D2CD-A86F-47FA-8D7F-6E95FECC3879}.Release|x64.Build.0 = Release|x64
		{4EC0D2CD-A86F-47FA-8D7F-6E95FECC3879}.Release|x86.ActiveCfg = Release|Win32
		{4EC0D2CD-A86F-47FA-8D7F-6E95FECC3879}.Release|x86.Build.0 = Release|Win32
	EndGlobalSection
	GlobalSection(SolutionProperties) = preSolution
		HideSolutionNode = FALSE
	EndGlobalSection
EndGlobal
